// !$*UTF8*$!
{
	archiveVersion = 1;
	classes = {
	};
	objectVersion = 54;
	objects = {

/* Begin PBXBuildFile section */
		0C80B921A6F3F58F76C31292 /* (null) in Frameworks */ = {isa = PBXBuildFile; };
		13B07FBF1A68108700A75B9A /* Images.xcassets in Resources */ = {isa = PBXBuildFile; fileRef = 13B07FB51A68108700A75B9A /* Images.xcassets */; };
		463260B95BE46DB426D29064 /* libPods-TechCart.a in Frameworks */ = {isa = PBXBuildFile; fileRef = 4A1DABB1A98E9E8FB9B45C1A /* libPods-TechCart.a */; };
		761780ED2CA45674006654EE /* AppDelegate.swift in Sources */ = {isa = PBXBuildFile; fileRef = 761780EC2CA45674006654EE /* AppDelegate.swift */; };
		81AB9BB82411601600AC10FF /* LaunchScreen.storyboard in Resources */ = {isa = PBXBuildFile; fileRef = 81AB9BB72411601600AC10FF /* LaunchScreen.storyboard */; };
		AD0821FC2EBB6C280035BC69 /* AppDelegate.swift in Sources */ = {isa = PBXBuildFile; fileRef = 761780EC2CA45674006654EE /* AppDelegate.swift */; };
		AD0822002EBB6C280035BC69 /* LaunchScreen.storyboard in Resources */ = {isa = PBXBuildFile; fileRef = 81AB9BB72411601600AC10FF /* LaunchScreen.storyboard */; };
		AD0822012EBB6C280035BC69 /* Images.xcassets in Resources */ = {isa = PBXBuildFile; fileRef = 13B07FB51A68108700A75B9A /* Images.xcassets */; };
		AD0822022EBB6C280035BC69 /* PrivacyInfo.xcprivacy in Resources */ = {isa = PBXBuildFile; fileRef = 13B07FB81A68108700A75B9A /* PrivacyInfo.xcprivacy */; };
		AD08220D2EBB6C330035BC69 /* AppDelegate.swift in Sources */ = {isa = PBXBuildFile; fileRef = 761780EC2CA45674006654EE /* AppDelegate.swift */; };
		AD0822112EBB6C330035BC69 /* LaunchScreen.storyboard in Resources */ = {isa = PBXBuildFile; fileRef = 81AB9BB72411601600AC10FF /* LaunchScreen.storyboard */; };
		AD0822122EBB6C330035BC69 /* Images.xcassets in Resources */ = {isa = PBXBuildFile; fileRef = 13B07FB51A68108700A75B9A /* Images.xcassets */; };
		AD0822132EBB6C330035BC69 /* PrivacyInfo.xcprivacy in Resources */ = {isa = PBXBuildFile; fileRef = 13B07FB81A68108700A75B9A /* PrivacyInfo.xcprivacy */; };
		AD08221E2EBB6C3C0035BC69 /* AppDelegate.swift in Sources */ = {isa = PBXBuildFile; fileRef = 761780EC2CA45674006654EE /* AppDelegate.swift */; };
		AD0822222EBB6C3C0035BC69 /* LaunchScreen.storyboard in Resources */ = {isa = PBXBuildFile; fileRef = 81AB9BB72411601600AC10FF /* LaunchScreen.storyboard */; };
		AD0822232EBB6C3C0035BC69 /* Images.xcassets in Resources */ = {isa = PBXBuildFile; fileRef = 13B07FB51A68108700A75B9A /* Images.xcassets */; };
		AD0822242EBB6C3C0035BC69 /* PrivacyInfo.xcprivacy in Resources */ = {isa = PBXBuildFile; fileRef = 13B07FB81A68108700A75B9A /* PrivacyInfo.xcprivacy */; };
		AD1F75232EBB732C00BC184B /* Info-Dev.plist in Resources */ = {isa = PBXBuildFile; fileRef = AD1F75222EBB732C00BC184B /* Info-Dev.plist */; };
		AD1F75272EBB734800BC184B /* Info-UAT.plist in Resources */ = {isa = PBXBuildFile; fileRef = AD1F75262EBB734800BC184B /* Info-UAT.plist */; };
		AD1F75282EBB794600BC184B /* Info-QA.plist in Resources */ = {isa = PBXBuildFile; fileRef = AD1F75242EBB733C00BC184B /* Info-QA.plist */; };
		B1975140593BD0C5936B2EE4 /* libPods-TechCart UAT.a in Frameworks */ = {isa = PBXBuildFile; fileRef = EC6A702152EA548A84AE96C7 /* libPods-TechCart UAT.a */; };
		B92E384F39EADE218FFD51B8 /* libPods-TechCart Dev.a in Frameworks */ = {isa = PBXBuildFile; fileRef = B57D08275A533E51A0B13683 /* libPods-TechCart Dev.a */; };
		C61BBBEB954EE3ABFE0D636E /* libPods-TechCart QA.a in Frameworks */ = {isa = PBXBuildFile; fileRef = 979091A32D42D239FAF2AAC0 /* libPods-TechCart QA.a */; };
		E04FF7D7075FEAFD413E456A /* PrivacyInfo.xcprivacy in Resources */ = {isa = PBXBuildFile; fileRef = 13B07FB81A68108700A75B9A /* PrivacyInfo.xcprivacy */; };
		19FEA9AB6F5B4DFFBCD7FEC3 /* Config.xcconfig in Resources */ = {isa = PBXBuildFile; fileRef = 02871F99193243B08945B986 /* Config.xcconfig */; };
/* End PBXBuildFile section */

/* Begin PBXFileReference section */
		05E4CFCE91A3967C63A5DBA8 /* Pods-TechCart.debug.xcconfig */ = {isa = PBXFileReference; includeInIndex = 1; lastKnownFileType = text.xcconfig; name = "Pods-TechCart.debug.xcconfig"; path = "Target Support Files/Pods-TechCart/Pods-TechCart.debug.xcconfig"; sourceTree = "<group>"; };
		124994BCD085B8E027890339 /* Pods-TechCart QA.debug-dev.xcconfig */ = {isa = PBXFileReference; includeInIndex = 1; lastKnownFileType = text.xcconfig; name = "Pods-TechCart QA.debug-dev.xcconfig"; path = "Target Support Files/Pods-TechCart QA/Pods-TechCart QA.debug-dev.xcconfig"; sourceTree = "<group>"; };
		13B07F961A680F5B00A75B9A /* TechCart.app */ = {isa = PBXFileReference; explicitFileType = wrapper.application; includeInIndex = 0; path = TechCart.app; sourceTree = BUILT_PRODUCTS_DIR; };
		13B07FB51A68108700A75B9A /* Images.xcassets */ = {isa = PBXFileReference; lastKnownFileType = folder.assetcatalog; name = Images.xcassets; path = TechCart/Images.xcassets; sourceTree = "<group>"; };
		13B07FB61A68108700A75B9A /* Info.plist */ = {isa = PBXFileReference; fileEncoding = 4; lastKnownFileType = text.plist.xml; name = Info.plist; path = TechCart/Info.plist; sourceTree = "<group>"; };
		13B07FB81A68108700A75B9A /* PrivacyInfo.xcprivacy */ = {isa = PBXFileReference; fileEncoding = 4; lastKnownFileType = text.plist.xml; name = PrivacyInfo.xcprivacy; path = TechCart/PrivacyInfo.xcprivacy; sourceTree = "<group>"; };
		164F7272A39367E53B9D699A /* Pods-TechCart.debug-uat.xcconfig */ = {isa = PBXFileReference; includeInIndex = 1; lastKnownFileType = text.xcconfig; name = "Pods-TechCart.debug-uat.xcconfig"; path = "Target Support Files/Pods-TechCart/Pods-TechCart.debug-uat.xcconfig"; sourceTree = "<group>"; };
		2345B0627F4A3E0B0F64F467 /* Pods-TechCart Dev.debug-dev.xcconfig */ = {isa = PBXFileReference; includeInIndex = 1; lastKnownFileType = text.xcconfig; name = "Pods-TechCart Dev.debug-dev.xcconfig"; path = "Target Support Files/Pods-TechCart Dev/Pods-TechCart Dev.debug-dev.xcconfig"; sourceTree = "<group>"; };
		359720D88AD42213CC8D552E /* Pods-TechCart Dev.release.xcconfig */ = {isa = PBXFileReference; includeInIndex = 1; lastKnownFileType = text.xcconfig; name = "Pods-TechCart Dev.release.xcconfig"; path = "Target Support Files/Pods-TechCart Dev/Pods-TechCart Dev.release.xcconfig"; sourceTree = "<group>"; };
		4329A101AA8B6675B6EEDD63 /* Pods-TechCart UAT.debug-uat.xcconfig */ = {isa = PBXFileReference; includeInIndex = 1; lastKnownFileType = text.xcconfig; name = "Pods-TechCart UAT.debug-uat.xcconfig"; path = "Target Support Files/Pods-TechCart UAT/Pods-TechCart UAT.debug-uat.xcconfig"; sourceTree = "<group>"; };
		4A1DABB1A98E9E8FB9B45C1A /* libPods-TechCart.a */ = {isa = PBXFileReference; explicitFileType = archive.ar; includeInIndex = 0; path = "libPods-TechCart.a"; sourceTree = BUILT_PRODUCTS_DIR; };
		4CDF80813F5DEB64023049CB /* Pods-TechCart QA.debug.xcconfig */ = {isa = PBXFileReference; includeInIndex = 1; lastKnownFileType = text.xcconfig; name = "Pods-TechCart QA.debug.xcconfig"; path = "Target Support Files/Pods-TechCart QA/Pods-TechCart QA.debug.xcconfig"; sourceTree = "<group>"; };
		5A3E1901AFBFC8E5625BC451 /* Pods-TechCart.debug-qa.xcconfig */ = {isa = PBXFileReference; includeInIndex = 1; lastKnownFileType = text.xcconfig; name = "Pods-TechCart.debug-qa.xcconfig"; path = "Target Support Files/Pods-TechCart/Pods-TechCart.debug-qa.xcconfig"; sourceTree = "<group>"; };
		63BF887C573CAD87A5E725E8 /* Pods-TechCart UAT.debug-qa.xcconfig */ = {isa = PBXFileReference; includeInIndex = 1; lastKnownFileType = text.xcconfig; name = "Pods-TechCart UAT.debug-qa.xcconfig"; path = "Target Support Files/Pods-TechCart UAT/Pods-TechCart UAT.debug-qa.xcconfig"; sourceTree = "<group>"; };
		6D5F5223AD785CCCDFCAA9E9 /* Pods-TechCart QA.debug-uat.xcconfig */ = {isa = PBXFileReference; includeInIndex = 1; lastKnownFileType = text.xcconfig; name = "Pods-TechCart QA.debug-uat.xcconfig"; path = "Target Support Files/Pods-TechCart QA/Pods-TechCart QA.debug-uat.xcconfig"; sourceTree = "<group>"; };
		761780EC2CA45674006654EE /* AppDelegate.swift */ = {isa = PBXFileReference; lastKnownFileType = sourcecode.swift; name = AppDelegate.swift; path = TechCart/AppDelegate.swift; sourceTree = "<group>"; };
		7DB80970049B805F4283F596 /* Pods-TechCart UAT.release.xcconfig */ = {isa = PBXFileReference; includeInIndex = 1; lastKnownFileType = text.xcconfig; name = "Pods-TechCart UAT.release.xcconfig"; path = "Target Support Files/Pods-TechCart UAT/Pods-TechCart UAT.release.xcconfig"; sourceTree = "<group>"; };
		81AB9BB72411601600AC10FF /* LaunchScreen.storyboard */ = {isa = PBXFileReference; fileEncoding = 4; lastKnownFileType = file.storyboard; name = LaunchScreen.storyboard; path = TechCart/LaunchScreen.storyboard; sourceTree = "<group>"; };
		8683E5F7C48D98D6AFDBA400 /* Pods-TechCart QA.debug-qa.xcconfig */ = {isa = PBXFileReference; includeInIndex = 1; lastKnownFileType = text.xcconfig; name = "Pods-TechCart QA.debug-qa.xcconfig"; path = "Target Support Files/Pods-TechCart QA/Pods-TechCart QA.debug-qa.xcconfig"; sourceTree = "<group>"; };
		921F437C12DAE25861BE9F8D /* Pods-TechCart.debug-dev.xcconfig */ = {isa = PBXFileReference; includeInIndex = 1; lastKnownFileType = text.xcconfig; name = "Pods-TechCart.debug-dev.xcconfig"; path = "Target Support Files/Pods-TechCart/Pods-TechCart.debug-dev.xcconfig"; sourceTree = "<group>"; };
		979091A32D42D239FAF2AAC0 /* libPods-TechCart QA.a */ = {isa = PBXFileReference; explicitFileType = archive.ar; includeInIndex = 0; path = "libPods-TechCart QA.a"; sourceTree = BUILT_PRODUCTS_DIR; };
		A240C9DF735353726F896320 /* Pods-TechCart UAT.debug-dev.xcconfig */ = {isa = PBXFileReference; includeInIndex = 1; lastKnownFileType = text.xcconfig; name = "Pods-TechCart UAT.debug-dev.xcconfig"; path = "Target Support Files/Pods-TechCart UAT/Pods-TechCart UAT.debug-dev.xcconfig"; sourceTree = "<group>"; };
		AAB13CB7950821B9206FE784 /* Pods-TechCart.release.xcconfig */ = {isa = PBXFileReference; includeInIndex = 1; lastKnownFileType = text.xcconfig; name = "Pods-TechCart.release.xcconfig"; path = "Target Support Files/Pods-TechCart/Pods-TechCart.release.xcconfig"; sourceTree = "<group>"; };
		AD0822092EBB6C280035BC69 /* TechCart Dev.app */ = {isa = PBXFileReference; explicitFileType = wrapper.application; includeInIndex = 0; path = "TechCart Dev.app"; sourceTree = BUILT_PRODUCTS_DIR; };
		AD08221A2EBB6C330035BC69 /* TechCart QA.app */ = {isa = PBXFileReference; explicitFileType = wrapper.application; includeInIndex = 0; path = "TechCart QA.app"; sourceTree = BUILT_PRODUCTS_DIR; };
		AD08222B2EBB6C3C0035BC69 /* TechCart UAT.app */ = {isa = PBXFileReference; explicitFileType = wrapper.application; includeInIndex = 0; path = "TechCart UAT.app"; sourceTree = BUILT_PRODUCTS_DIR; };
		AD1F75222EBB732C00BC184B /* Info-Dev.plist */ = {isa = PBXFileReference; lastKnownFileType = text.plist; name = "Info-Dev.plist"; path = "TechCart/Info-Dev.plist"; sourceTree = "<group>"; };
		AD1F75242EBB733C00BC184B /* Info-QA.plist */ = {isa = PBXFileReference; lastKnownFileType = text.plist.xml; name = "Info-QA.plist"; path = "TechCart/Info-QA.plist"; sourceTree = "<group>"; };
		AD1F75262EBB734800BC184B /* Info-UAT.plist */ = {isa = PBXFileReference; lastKnownFileType = text.plist.xml; name = "Info-UAT.plist"; path = "TechCart/Info-UAT.plist"; sourceTree = "<group>"; };
		B26F23050327952351835504 /* Pods-TechCart Dev.release-prod.xcconfig */ = {isa = PBXFileReference; includeInIndex = 1; lastKnownFileType = text.xcconfig; name = "Pods-TechCart Dev.release-prod.xcconfig"; path = "Target Support Files/Pods-TechCart Dev/Pods-TechCart Dev.release-prod.xcconfig"; sourceTree = "<group>"; };
		B55BAF35A3FC4A050AB1D51D /* Pods-TechCart Dev.debug.xcconfig */ = {isa = PBXFileReference; includeInIndex = 1; lastKnownFileType = text.xcconfig; name = "Pods-TechCart Dev.debug.xcconfig"; path = "Target Support Files/Pods-TechCart Dev/Pods-TechCart Dev.debug.xcconfig"; sourceTree = "<group>"; };
		B57D08275A533E51A0B13683 /* libPods-TechCart Dev.a */ = {isa = PBXFileReference; explicitFileType = archive.ar; includeInIndex = 0; path = "libPods-TechCart Dev.a"; sourceTree = BUILT_PRODUCTS_DIR; };
		C656E6A4A347EB3C1EDD096D /* Pods-TechCart.release-prod.xcconfig */ = {isa = PBXFileReference; includeInIndex = 1; lastKnownFileType = text.xcconfig; name = "Pods-TechCart.release-prod.xcconfig"; path = "Target Support Files/Pods-TechCart/Pods-TechCart.release-prod.xcconfig"; sourceTree = "<group>"; };
		C8C3BA8640B801AF32B9F170 /* Pods-TechCart QA.release-prod.xcconfig */ = {isa = PBXFileReference; includeInIndex = 1; lastKnownFileType = text.xcconfig; name = "Pods-TechCart QA.release-prod.xcconfig"; path = "Target Support Files/Pods-TechCart QA/Pods-TechCart QA.release-prod.xcconfig"; sourceTree = "<group>"; };
		CC9BCD36242BFA9A4B760089 /* Pods-TechCart Dev.debug-uat.xcconfig */ = {isa = PBXFileReference; includeInIndex = 1; lastKnownFileType = text.xcconfig; name = "Pods-TechCart Dev.debug-uat.xcconfig"; path = "Target Support Files/Pods-TechCart Dev/Pods-TechCart Dev.debug-uat.xcconfig"; sourceTree = "<group>"; };
		D6AE8522B60713447C1385EF /* Pods-TechCart UAT.debug.xcconfig */ = {isa = PBXFileReference; includeInIndex = 1; lastKnownFileType = text.xcconfig; name = "Pods-TechCart UAT.debug.xcconfig"; path = "Target Support Files/Pods-TechCart UAT/Pods-TechCart UAT.debug.xcconfig"; sourceTree = "<group>"; };
		D91E72D77BB3EF73D983BF2E /* Pods-TechCart QA.release.xcconfig */ = {isa = PBXFileReference; includeInIndex = 1; lastKnownFileType = text.xcconfig; name = "Pods-TechCart QA.release.xcconfig"; path = "Target Support Files/Pods-TechCart QA/Pods-TechCart QA.release.xcconfig"; sourceTree = "<group>"; };
		EC6A702152EA548A84AE96C7 /* libPods-TechCart UAT.a */ = {isa = PBXFileReference; explicitFileType = archive.ar; includeInIndex = 0; path = "libPods-TechCart UAT.a"; sourceTree = BUILT_PRODUCTS_DIR; };
		ED297162215061F000B7C4FE /* JavaScriptCore.framework */ = {isa = PBXFileReference; lastKnownFileType = wrapper.framework; name = JavaScriptCore.framework; path = System/Library/Frameworks/JavaScriptCore.framework; sourceTree = SDKROOT; };
		ED475B99C63BFFDF91243DAA /* Pods-TechCart Dev.debug-qa.xcconfig */ = {isa = PBXFileReference; includeInIndex = 1; lastKnownFileType = text.xcconfig; name = "Pods-TechCart Dev.debug-qa.xcconfig"; path = "Target Support Files/Pods-TechCart Dev/Pods-TechCart Dev.debug-qa.xcconfig"; sourceTree = "<group>"; };
		FCFDB94BCCED70F2AB07640E /* Pods-TechCart UAT.release-prod.xcconfig */ = {isa = PBXFileReference; includeInIndex = 1; lastKnownFileType = text.xcconfig; name = "Pods-TechCart UAT.release-prod.xcconfig"; path = "Target Support Files/Pods-TechCart UAT/Pods-TechCart UAT.release-prod.xcconfig"; sourceTree = "<group>"; };
		02871F99193243B08945B986 /* Config.xcconfig */ = {isa = PBXFileReference; name = "Config.xcconfig"; path = "Config.xcconfig"; sourceTree = "<group>"; fileEncoding = 4; lastKnownFileType = text.xcconfig; explicitFileType = undefined; includeInIndex = 0; };
/* End PBXFileReference section */

/* Begin PBXFrameworksBuildPhase section */
		13B07F8C1A680F5B00A75B9A /* Frameworks */ = {
			isa = PBXFrameworksBuildPhase;
			buildActionMask = 2147483647;
			files = (
				0C80B921A6F3F58F76C31292 /* (null) in Frameworks */,
				463260B95BE46DB426D29064 /* libPods-TechCart.a in Frameworks */,
			);
			runOnlyForDeploymentPostprocessing = 0;
		};
		AD0821FD2EBB6C280035BC69 /* Frameworks */ = {
			isa = PBXFrameworksBuildPhase;
			buildActionMask = 2147483647;
			files = (
				B92E384F39EADE218FFD51B8 /* libPods-TechCart Dev.a in Frameworks */,
			);
			runOnlyForDeploymentPostprocessing = 0;
		};
		AD08220E2EBB6C330035BC69 /* Frameworks */ = {
			isa = PBXFrameworksBuildPhase;
			buildActionMask = 2147483647;
			files = (
				C61BBBEB954EE3ABFE0D636E /* libPods-TechCart QA.a in Frameworks */,
			);
			runOnlyForDeploymentPostprocessing = 0;
		};
		AD08221F2EBB6C3C0035BC69 /* Frameworks */ = {
			isa = PBXFrameworksBuildPhase;
			buildActionMask = 2147483647;
			files = (
				B1975140593BD0C5936B2EE4 /* libPods-TechCart UAT.a in Frameworks */,
			);
			runOnlyForDeploymentPostprocessing = 0;
		};
/* End PBXFrameworksBuildPhase section */

/* Begin PBXGroup section */
		13B07FAE1A68108700A75B9A /* TechCart */ = {
			isa = PBXGroup;
			children = (
				AD1F75222EBB732C00BC184B /* Info-Dev.plist */,
				13B07FB51A68108700A75B9A /* Images.xcassets */,
				AD1F75262EBB734800BC184B /* Info-UAT.plist */,
				AD1F75242EBB733C00BC184B /* Info-QA.plist */,
				761780EC2CA45674006654EE /* AppDelegate.swift */,
				13B07FB61A68108700A75B9A /* Info.plist */,
				81AB9BB72411601600AC10FF /* LaunchScreen.storyboard */,
				13B07FB81A68108700A75B9A /* PrivacyInfo.xcprivacy */,
			);
			name = TechCart;
			sourceTree = "<group>";
		};
		2D16E6871FA4F8E400B85C8A /* Frameworks */ = {
			isa = PBXGroup;
			children = (
				ED297162215061F000B7C4FE /* JavaScriptCore.framework */,
				4A1DABB1A98E9E8FB9B45C1A /* libPods-TechCart.a */,
				B57D08275A533E51A0B13683 /* libPods-TechCart Dev.a */,
				979091A32D42D239FAF2AAC0 /* libPods-TechCart QA.a */,
				EC6A702152EA548A84AE96C7 /* libPods-TechCart UAT.a */,
			);
			name = Frameworks;
			sourceTree = "<group>";
		};
		832341AE1AAA6A7D00B99B32 /* Libraries */ = {
			isa = PBXGroup;
			children = (
			);
			name = Libraries;
			sourceTree = "<group>";
		};
		83CBB9F61A601CBA00E9B192 = {
			isa = PBXGroup;
			children = (
				02871F99193243B08945B986 /* Config.xcconfig */,
				13B07FAE1A68108700A75B9A /* TechCart */,
				832341AE1AAA6A7D00B99B32 /* Libraries */,
				83CBBA001A601CBA00E9B192 /* Products */,
				2D16E6871FA4F8E400B85C8A /* Frameworks */,
				BBD78D7AC51CEA395F1C20DB /* Pods */,
			);
			indentWidth = 2;
			sourceTree = "<group>";
			tabWidth = 2;
			usesTabs = 0;
		};
		83CBBA001A601CBA00E9B192 /* Products */ = {
			isa = PBXGroup;
			children = (
				13B07F961A680F5B00A75B9A /* TechCart.app */,
				AD0822092EBB6C280035BC69 /* TechCart Dev.app */,
				AD08221A2EBB6C330035BC69 /* TechCart QA.app */,
				AD08222B2EBB6C3C0035BC69 /* TechCart UAT.app */,
			);
			name = Products;
			sourceTree = "<group>";
		};
		BBD78D7AC51CEA395F1C20DB /* Pods */ = {
			isa = PBXGroup;
			children = (
				05E4CFCE91A3967C63A5DBA8 /* Pods-TechCart.debug.xcconfig */,
				AAB13CB7950821B9206FE784 /* Pods-TechCart.release.xcconfig */,
				921F437C12DAE25861BE9F8D /* Pods-TechCart.debug-dev.xcconfig */,
				5A3E1901AFBFC8E5625BC451 /* Pods-TechCart.debug-qa.xcconfig */,
				164F7272A39367E53B9D699A /* Pods-TechCart.debug-uat.xcconfig */,
				C656E6A4A347EB3C1EDD096D /* Pods-TechCart.release-prod.xcconfig */,
				B55BAF35A3FC4A050AB1D51D /* Pods-TechCart Dev.debug.xcconfig */,
				359720D88AD42213CC8D552E /* Pods-TechCart Dev.release.xcconfig */,
				2345B0627F4A3E0B0F64F467 /* Pods-TechCart Dev.debug-dev.xcconfig */,
				ED475B99C63BFFDF91243DAA /* Pods-TechCart Dev.debug-qa.xcconfig */,
				CC9BCD36242BFA9A4B760089 /* Pods-TechCart Dev.debug-uat.xcconfig */,
				B26F23050327952351835504 /* Pods-TechCart Dev.release-prod.xcconfig */,
				4CDF80813F5DEB64023049CB /* Pods-TechCart QA.debug.xcconfig */,
				D91E72D77BB3EF73D983BF2E /* Pods-TechCart QA.release.xcconfig */,
				124994BCD085B8E027890339 /* Pods-TechCart QA.debug-dev.xcconfig */,
				8683E5F7C48D98D6AFDBA400 /* Pods-TechCart QA.debug-qa.xcconfig */,
				6D5F5223AD785CCCDFCAA9E9 /* Pods-TechCart QA.debug-uat.xcconfig */,
				C8C3BA8640B801AF32B9F170 /* Pods-TechCart QA.release-prod.xcconfig */,
				D6AE8522B60713447C1385EF /* Pods-TechCart UAT.debug.xcconfig */,
				7DB80970049B805F4283F596 /* Pods-TechCart UAT.release.xcconfig */,
				A240C9DF735353726F896320 /* Pods-TechCart UAT.debug-dev.xcconfig */,
				63BF887C573CAD87A5E725E8 /* Pods-TechCart UAT.debug-qa.xcconfig */,
				4329A101AA8B6675B6EEDD63 /* Pods-TechCart UAT.debug-uat.xcconfig */,
				FCFDB94BCCED70F2AB07640E /* Pods-TechCart UAT.release-prod.xcconfig */,
			);
			path = Pods;
			sourceTree = "<group>";
		};
/* End PBXGroup section */

/* Begin PBXNativeTarget section */
		13B07F861A680F5B00A75B9A /* TechCart */ = {
			isa = PBXNativeTarget;
			buildConfigurationList = 13B07F931A680F5B00A75B9A /* Build configuration list for PBXNativeTarget "TechCart" */;
			buildPhases = (
				51FAAC4171B7DC33B08526A7 /* [CP] Check Pods Manifest.lock */,
				13B07F871A680F5B00A75B9A /* Sources */,
				13B07F8C1A680F5B00A75B9A /* Frameworks */,
				13B07F8E1A680F5B00A75B9A /* Resources */,
				00DD1BFF1BD5951E006B06BC /* Bundle React Native code and images */,
				D661A6165D943BCBCDE9EFED /* [CP] Embed Pods Frameworks */,
				663825861C4EFC87A1CCD908 /* [CP] Copy Pods Resources */,
			);
			buildRules = (
			);
			dependencies = (
			);
			name = TechCart;
			productName = TechCart;
			productReference = 13B07F961A680F5B00A75B9A /* TechCart.app */;
			productType = "com.apple.product-type.application";
		};
		AD0821F92EBB6C280035BC69 /* TechCart Dev */ = {
			isa = PBXNativeTarget;
			buildConfigurationList = AD0822062EBB6C280035BC69 /* Build configuration list for PBXNativeTarget "TechCart Dev" */;
			buildPhases = (
				CC259C2A3D84CDC4031F8229 /* [CP] Check Pods Manifest.lock */,
				AD0821FB2EBB6C280035BC69 /* Sources */,
				AD0821FD2EBB6C280035BC69 /* Frameworks */,
				AD0821FF2EBB6C280035BC69 /* Resources */,
				AD0822032EBB6C280035BC69 /* Bundle React Native code and images */,
				93E25CC636B41A79F0E43A44 /* [CP] Embed Pods Frameworks */,
				49D2F1C2A13B3820C21B6E94 /* [CP] Copy Pods Resources */,
			);
			buildRules = (
			);
			dependencies = (
			);
			name = "TechCart Dev";
			productName = TechCart;
			productReference = AD0822092EBB6C280035BC69 /* TechCart Dev.app */;
			productType = "com.apple.product-type.application";
		};
		AD08220A2EBB6C330035BC69 /* TechCart QA */ = {
			isa = PBXNativeTarget;
			buildConfigurationList = AD0822172EBB6C330035BC69 /* Build configuration list for PBXNativeTarget "TechCart QA" */;
			buildPhases = (
				DC89079A7D12E42B44821475 /* [CP] Check Pods Manifest.lock */,
				AD08220C2EBB6C330035BC69 /* Sources */,
				AD08220E2EBB6C330035BC69 /* Frameworks */,
				AD0822102EBB6C330035BC69 /* Resources */,
				AD0822142EBB6C330035BC69 /* Bundle React Native code and images */,
				6CFF531EE7858AEEF2DD8620 /* [CP] Embed Pods Frameworks */,
				7BB5F4E6B4633CF42121DF44 /* [CP] Copy Pods Resources */,
			);
			buildRules = (
			);
			dependencies = (
			);
			name = "TechCart QA";
			productName = TechCart;
			productReference = AD08221A2EBB6C330035BC69 /* TechCart QA.app */;
			productType = "com.apple.product-type.application";
		};
		AD08221B2EBB6C3C0035BC69 /* TechCart UAT */ = {
			isa = PBXNativeTarget;
			buildConfigurationList = AD0822282EBB6C3C0035BC69 /* Build configuration list for PBXNativeTarget "TechCart UAT" */;
			buildPhases = (
				3706BE9ACFA133A53F822AB3 /* [CP] Check Pods Manifest.lock */,
				AD08221D2EBB6C3C0035BC69 /* Sources */,
				AD08221F2EBB6C3C0035BC69 /* Frameworks */,
				AD0822212EBB6C3C0035BC69 /* Resources */,
				AD0822252EBB6C3C0035BC69 /* Bundle React Native code and images */,
				76379960EFDBC8F3FC2BF360 /* [CP] Embed Pods Frameworks */,
				F7AA3399A9C05C18CEF68FAC /* [CP] Copy Pods Resources */,
			);
			buildRules = (
			);
			dependencies = (
			);
			name = "TechCart UAT";
			productName = TechCart;
			productReference = AD08222B2EBB6C3C0035BC69 /* TechCart UAT.app */;
			productType = "com.apple.product-type.application";
		};
/* End PBXNativeTarget section */

/* Begin PBXProject section */
		83CBB9F71A601CBA00E9B192 /* Project object */ = {
			isa = PBXProject;
			attributes = {
				LastUpgradeCheck = 1210;
				TargetAttributes = {
					13B07F861A680F5B00A75B9A = {
						LastSwiftMigration = 1120;
					};
				};
			};
			buildConfigurationList = 83CBB9FA1A601CBA00E9B192 /* Build configuration list for PBXProject "TechCart" */;
			compatibilityVersion = "Xcode 12.0";
			developmentRegion = en;
			hasScannedForEncodings = 0;
			knownRegions = (
				en,
				Base,
			);
			mainGroup = 83CBB9F61A601CBA00E9B192;
			productRefGroup = 83CBBA001A601CBA00E9B192 /* Products */;
			projectDirPath = "";
			projectRoot = "";
			targets = (
				13B07F861A680F5B00A75B9A /* TechCart */,
				AD0821F92EBB6C280035BC69 /* TechCart Dev */,
				AD08220A2EBB6C330035BC69 /* TechCart QA */,
				AD08221B2EBB6C3C0035BC69 /* TechCart UAT */,
			);
		};
/* End PBXProject section */

/* Begin PBXResourcesBuildPhase section */
		13B07F8E1A680F5B00A75B9A /* Resources */ = {
			isa = PBXResourcesBuildPhase;
			buildActionMask = 2147483647;
			files = (
				19FEA9AB6F5B4DFFBCD7FEC3 /* Config.xcconfig in Resources */,
				81AB9BB82411601600AC10FF /* LaunchScreen.storyboard in Resources */,
				13B07FBF1A68108700A75B9A /* Images.xcassets in Resources */,
				E04FF7D7075FEAFD413E456A /* PrivacyInfo.xcprivacy in Resources */,
			);
			runOnlyForDeploymentPostprocessing = 0;
		};
		AD0821FF2EBB6C280035BC69 /* Resources */ = {
			isa = PBXResourcesBuildPhase;
			buildActionMask = 2147483647;
			files = (
				AD0822002EBB6C280035BC69 /* LaunchScreen.storyboard in Resources */,
				AD0822012EBB6C280035BC69 /* Images.xcassets in Resources */,
				AD0822022EBB6C280035BC69 /* PrivacyInfo.xcprivacy in Resources */,
				AD1F75232EBB732C00BC184B /* Info-Dev.plist in Resources */,
			);
			runOnlyForDeploymentPostprocessing = 0;
		};
		AD0822102EBB6C330035BC69 /* Resources */ = {
			isa = PBXResourcesBuildPhase;
			buildActionMask = 2147483647;
			files = (
				AD1F75282EBB794600BC184B /* Info-QA.plist in Resources */,
				AD0822112EBB6C330035BC69 /* LaunchScreen.storyboard in Resources */,
				AD0822122EBB6C330035BC69 /* Images.xcassets in Resources */,
				AD0822132EBB6C330035BC69 /* PrivacyInfo.xcprivacy in Resources */,
			);
			runOnlyForDeploymentPostprocessing = 0;
		};
		AD0822212EBB6C3C0035BC69 /* Resources */ = {
			isa = PBXResourcesBuildPhase;
			buildActionMask = 2147483647;
			files = (
				AD0822222EBB6C3C0035BC69 /* LaunchScreen.storyboard in Resources */,
				AD0822232EBB6C3C0035BC69 /* Images.xcassets in Resources */,
				AD1F75272EBB734800BC184B /* Info-UAT.plist in Resources */,
				AD0822242EBB6C3C0035BC69 /* PrivacyInfo.xcprivacy in Resources */,
			);
			runOnlyForDeploymentPostprocessing = 0;
		};
/* End PBXResourcesBuildPhase section */

/* Begin PBXShellScriptBuildPhase section */
		00DD1BFF1BD5951E006B06BC /* Bundle React Native code and images */ = {
			isa = PBXShellScriptBuildPhase;
			buildActionMask = 2147483647;
			files = (
			);
			inputPaths = (
				"$(SRCROOT)/.xcode.env.local",
				"$(SRCROOT)/.xcode.env",
			);
			name = "Bundle React Native code and images";
			outputPaths = (
			);
			runOnlyForDeploymentPostprocessing = 0;
			shellPath = /bin/sh;
			shellScript = "set -e\n\nWITH_ENVIRONMENT=\"$REACT_NATIVE_PATH/scripts/xcode/with-environment.sh\"\nREACT_NATIVE_XCODE=\"$REACT_NATIVE_PATH/scripts/react-native-xcode.sh\"\n\n/bin/sh -c \"$WITH_ENVIRONMENT $REACT_NATIVE_XCODE\"\n";
		};
		3706BE9ACFA133A53F822AB3 /* [CP] Check Pods Manifest.lock */ = {
			isa = PBXShellScriptBuildPhase;
			buildActionMask = 2147483647;
			files = (
			);
			inputFileListPaths = (
			);
			inputPaths = (
				"${PODS_PODFILE_DIR_PATH}/Podfile.lock",
				"${PODS_ROOT}/Manifest.lock",
			);
			name = "[CP] Check Pods Manifest.lock";
			outputFileListPaths = (
			);
			outputPaths = (
				"$(DERIVED_FILE_DIR)/Pods-TechCart UAT-checkManifestLockResult.txt",
			);
			runOnlyForDeploymentPostprocessing = 0;
			shellPath = /bin/sh;
			shellScript = "diff \"${PODS_PODFILE_DIR_PATH}/Podfile.lock\" \"${PODS_ROOT}/Manifest.lock\" > /dev/null\nif [ $? != 0 ] ; then\n    # print error to STDERR\n    echo \"error: The sandbox is not in sync with the Podfile.lock. Run 'pod install' or update your CocoaPods installation.\" >&2\n    exit 1\nfi\n# This output is used by Xcode 'outputs' to avoid re-running this script phase.\necho \"SUCCESS\" > \"${SCRIPT_OUTPUT_FILE_0}\"\n";
			showEnvVarsInLog = 0;
		};
		49D2F1C2A13B3820C21B6E94 /* [CP] Copy Pods Resources */ = {
			isa = PBXShellScriptBuildPhase;
			buildActionMask = 2147483647;
			files = (
			);
			inputFileListPaths = (
				"${PODS_ROOT}/Target Support Files/Pods-TechCart Dev/Pods-TechCart Dev-resources-${CONFIGURATION}-input-files.xcfilelist",
			);
			inputPaths = (
			);
			name = "[CP] Copy Pods Resources";
			outputFileListPaths = (
				"${PODS_ROOT}/Target Support Files/Pods-TechCart Dev/Pods-TechCart Dev-resources-${CONFIGURATION}-output-files.xcfilelist",
			);
			outputPaths = (
			);
			runOnlyForDeploymentPostprocessing = 0;
			shellPath = /bin/sh;
			shellScript = "\"${PODS_ROOT}/Target Support Files/Pods-TechCart Dev/Pods-TechCart Dev-resources.sh\"\n";
			showEnvVarsInLog = 0;
		};
		51FAAC4171B7DC33B08526A7 /* [CP] Check Pods Manifest.lock */ = {
			isa = PBXShellScriptBuildPhase;
			buildActionMask = 2147483647;
			files = (
			);
			inputFileListPaths = (
			);
			inputPaths = (
				"${PODS_PODFILE_DIR_PATH}/Podfile.lock",
				"${PODS_ROOT}/Manifest.lock",
			);
			name = "[CP] Check Pods Manifest.lock";
			outputFileListPaths = (
			);
			outputPaths = (
				"$(DERIVED_FILE_DIR)/Pods-TechCart-checkManifestLockResult.txt",
			);
			runOnlyForDeploymentPostprocessing = 0;
			shellPath = /bin/sh;
			shellScript = "diff \"${PODS_PODFILE_DIR_PATH}/Podfile.lock\" \"${PODS_ROOT}/Manifest.lock\" > /dev/null\nif [ $? != 0 ] ; then\n    # print error to STDERR\n    echo \"error: The sandbox is not in sync with the Podfile.lock. Run 'pod install' or update your CocoaPods installation.\" >&2\n    exit 1\nfi\n# This output is used by Xcode 'outputs' to avoid re-running this script phase.\necho \"SUCCESS\" > \"${SCRIPT_OUTPUT_FILE_0}\"\n";
			showEnvVarsInLog = 0;
		};
		663825861C4EFC87A1CCD908 /* [CP] Copy Pods Resources */ = {
			isa = PBXShellScriptBuildPhase;
			buildActionMask = 2147483647;
			files = (
			);
			inputFileListPaths = (
				"${PODS_ROOT}/Target Support Files/Pods-TechCart/Pods-TechCart-resources-${CONFIGURATION}-input-files.xcfilelist",
			);
			inputPaths = (
			);
			name = "[CP] Copy Pods Resources";
			outputFileListPaths = (
				"${PODS_ROOT}/Target Support Files/Pods-TechCart/Pods-TechCart-resources-${CONFIGURATION}-output-files.xcfilelist",
			);
			outputPaths = (
			);
			runOnlyForDeploymentPostprocessing = 0;
			shellPath = /bin/sh;
			shellScript = "\"${PODS_ROOT}/Target Support Files/Pods-TechCart/Pods-TechCart-resources.sh\"\n";
			showEnvVarsInLog = 0;
		};
		6CFF531EE7858AEEF2DD8620 /* [CP] Embed Pods Frameworks */ = {
			isa = PBXShellScriptBuildPhase;
			buildActionMask = 2147483647;
			files = (
			);
			inputFileListPaths = (
				"${PODS_ROOT}/Target Support Files/Pods-TechCart QA/Pods-TechCart QA-frameworks-${CONFIGURATION}-input-files.xcfilelist",
			);
			inputPaths = (
			);
			name = "[CP] Embed Pods Frameworks";
			outputFileListPaths = (
				"${PODS_ROOT}/Target Support Files/Pods-TechCart QA/Pods-TechCart QA-frameworks-${CONFIGURATION}-output-files.xcfilelist",
			);
			outputPaths = (
			);
			runOnlyForDeploymentPostprocessing = 0;
			shellPath = /bin/sh;
			shellScript = "\"${PODS_ROOT}/Target Support Files/Pods-TechCart QA/Pods-TechCart QA-frameworks.sh\"\n";
			showEnvVarsInLog = 0;
		};
		76379960EFDBC8F3FC2BF360 /* [CP] Embed Pods Frameworks */ = {
			isa = PBXShellScriptBuildPhase;
			buildActionMask = 2147483647;
			files = (
			);
			inputFileListPaths = (
				"${PODS_ROOT}/Target Support Files/Pods-TechCart UAT/Pods-TechCart UAT-frameworks-${CONFIGURATION}-input-files.xcfilelist",
			);
			inputPaths = (
			);
			name = "[CP] Embed Pods Frameworks";
			outputFileListPaths = (
				"${PODS_ROOT}/Target Support Files/Pods-TechCart UAT/Pods-TechCart UAT-frameworks-${CONFIGURATION}-output-files.xcfilelist",
			);
			outputPaths = (
			);
			runOnlyForDeploymentPostprocessing = 0;
			shellPath = /bin/sh;
			shellScript = "\"${PODS_ROOT}/Target Support Files/Pods-TechCart UAT/Pods-TechCart UAT-frameworks.sh\"\n";
			showEnvVarsInLog = 0;
		};
		7BB5F4E6B4633CF42121DF44 /* [CP] Copy Pods Resources */ = {
			isa = PBXShellScriptBuildPhase;
			buildActionMask = 2147483647;
			files = (
			);
			inputFileListPaths = (
				"${PODS_ROOT}/Target Support Files/Pods-TechCart QA/Pods-TechCart QA-resources-${CONFIGURATION}-input-files.xcfilelist",
			);
			inputPaths = (
			);
			name = "[CP] Copy Pods Resources";
			outputFileListPaths = (
				"${PODS_ROOT}/Target Support Files/Pods-TechCart QA/Pods-TechCart QA-resources-${CONFIGURATION}-output-files.xcfilelist",
			);
			outputPaths = (
			);
			runOnlyForDeploymentPostprocessing = 0;
			shellPath = /bin/sh;
			shellScript = "\"${PODS_ROOT}/Target Support Files/Pods-TechCart QA/Pods-TechCart QA-resources.sh\"\n";
			showEnvVarsInLog = 0;
		};
		93E25CC636B41A79F0E43A44 /* [CP] Embed Pods Frameworks */ = {
			isa = PBXShellScriptBuildPhase;
			buildActionMask = 2147483647;
			files = (
			);
			inputFileListPaths = (
				"${PODS_ROOT}/Target Support Files/Pods-TechCart Dev/Pods-TechCart Dev-frameworks-${CONFIGURATION}-input-files.xcfilelist",
			);
			inputPaths = (
			);
			name = "[CP] Embed Pods Frameworks";
			outputFileListPaths = (
				"${PODS_ROOT}/Target Support Files/Pods-TechCart Dev/Pods-TechCart Dev-frameworks-${CONFIGURATION}-output-files.xcfilelist",
			);
			outputPaths = (
			);
			runOnlyForDeploymentPostprocessing = 0;
			shellPath = /bin/sh;
			shellScript = "\"${PODS_ROOT}/Target Support Files/Pods-TechCart Dev/Pods-TechCart Dev-frameworks.sh\"\n";
			showEnvVarsInLog = 0;
		};
		AD0822032EBB6C280035BC69 /* Bundle React Native code and images */ = {
			isa = PBXShellScriptBuildPhase;
			buildActionMask = 2147483647;
			files = (
			);
			inputPaths = (
				"$(SRCROOT)/.xcode.env.local",
				"$(SRCROOT)/.xcode.env",
			);
			name = "Bundle React Native code and images";
			outputPaths = (
			);
			runOnlyForDeploymentPostprocessing = 0;
			shellPath = /bin/sh;
			shellScript = "set -e\n\nWITH_ENVIRONMENT=\"$REACT_NATIVE_PATH/scripts/xcode/with-environment.sh\"\nREACT_NATIVE_XCODE=\"$REACT_NATIVE_PATH/scripts/react-native-xcode.sh\"\n\n/bin/sh -c \"$WITH_ENVIRONMENT $REACT_NATIVE_XCODE\"\n";
		};
		AD0822142EBB6C330035BC69 /* Bundle React Native code and images */ = {
			isa = PBXShellScriptBuildPhase;
			buildActionMask = 2147483647;
			files = (
			);
			inputPaths = (
				"$(SRCROOT)/.xcode.env.local",
				"$(SRCROOT)/.xcode.env",
			);
			name = "Bundle React Native code and images";
			outputPaths = (
			);
			runOnlyForDeploymentPostprocessing = 0;
			shellPath = /bin/sh;
			shellScript = "set -e\n\nWITH_ENVIRONMENT=\"$REACT_NATIVE_PATH/scripts/xcode/with-environment.sh\"\nREACT_NATIVE_XCODE=\"$REACT_NATIVE_PATH/scripts/react-native-xcode.sh\"\n\n/bin/sh -c \"$WITH_ENVIRONMENT $REACT_NATIVE_XCODE\"\n";
		};
		AD0822252EBB6C3C0035BC69 /* Bundle React Native code and images */ = {
			isa = PBXShellScriptBuildPhase;
			buildActionMask = 2147483647;
			files = (
			);
			inputPaths = (
				"$(SRCROOT)/.xcode.env.local",
				"$(SRCROOT)/.xcode.env",
			);
			name = "Bundle React Native code and images";
			outputPaths = (
			);
			runOnlyForDeploymentPostprocessing = 0;
			shellPath = /bin/sh;
			shellScript = "set -e\n\nWITH_ENVIRONMENT=\"$REACT_NATIVE_PATH/scripts/xcode/with-environment.sh\"\nREACT_NATIVE_XCODE=\"$REACT_NATIVE_PATH/scripts/react-native-xcode.sh\"\n\n/bin/sh -c \"$WITH_ENVIRONMENT $REACT_NATIVE_XCODE\"\n";
		};
		CC259C2A3D84CDC4031F8229 /* [CP] Check Pods Manifest.lock */ = {
			isa = PBXShellScriptBuildPhase;
			buildActionMask = 2147483647;
			files = (
			);
			inputFileListPaths = (
			);
			inputPaths = (
				"${PODS_PODFILE_DIR_PATH}/Podfile.lock",
				"${PODS_ROOT}/Manifest.lock",
			);
			name = "[CP] Check Pods Manifest.lock";
			outputFileListPaths = (
			);
			outputPaths = (
				"$(DERIVED_FILE_DIR)/Pods-TechCart Dev-checkManifestLockResult.txt",
			);
			runOnlyForDeploymentPostprocessing = 0;
			shellPath = /bin/sh;
			shellScript = "diff \"${PODS_PODFILE_DIR_PATH}/Podfile.lock\" \"${PODS_ROOT}/Manifest.lock\" > /dev/null\nif [ $? != 0 ] ; then\n    # print error to STDERR\n    echo \"error: The sandbox is not in sync with the Podfile.lock. Run 'pod install' or update your CocoaPods installation.\" >&2\n    exit 1\nfi\n# This output is used by Xcode 'outputs' to avoid re-running this script phase.\necho \"SUCCESS\" > \"${SCRIPT_OUTPUT_FILE_0}\"\n";
			showEnvVarsInLog = 0;
		};
		D661A6165D943BCBCDE9EFED /* [CP] Embed Pods Frameworks */ = {
			isa = PBXShellScriptBuildPhase;
			buildActionMask = 2147483647;
			files = (
			);
			inputFileListPaths = (
				"${PODS_ROOT}/Target Support Files/Pods-TechCart/Pods-TechCart-frameworks-${CONFIGURATION}-input-files.xcfilelist",
			);
			inputPaths = (
			);
			name = "[CP] Embed Pods Frameworks";
			outputFileListPaths = (
				"${PODS_ROOT}/Target Support Files/Pods-TechCart/Pods-TechCart-frameworks-${CONFIGURATION}-output-files.xcfilelist",
			);
			outputPaths = (
			);
			runOnlyForDeploymentPostprocessing = 0;
			shellPath = /bin/sh;
			shellScript = "\"${PODS_ROOT}/Target Support Files/Pods-TechCart/Pods-TechCart-frameworks.sh\"\n";
			showEnvVarsInLog = 0;
		};
		DC89079A7D12E42B44821475 /* [CP] Check Pods Manifest.lock */ = {
			isa = PBXShellScriptBuildPhase;
			buildActionMask = 2147483647;
			files = (
			);
			inputFileListPaths = (
			);
			inputPaths = (
				"${PODS_PODFILE_DIR_PATH}/Podfile.lock",
				"${PODS_ROOT}/Manifest.lock",
			);
			name = "[CP] Check Pods Manifest.lock";
			outputFileListPaths = (
			);
			outputPaths = (
				"$(DERIVED_FILE_DIR)/Pods-TechCart QA-checkManifestLockResult.txt",
			);
			runOnlyForDeploymentPostprocessing = 0;
			shellPath = /bin/sh;
			shellScript = "diff \"${PODS_PODFILE_DIR_PATH}/Podfile.lock\" \"${PODS_ROOT}/Manifest.lock\" > /dev/null\nif [ $? != 0 ] ; then\n    # print error to STDERR\n    echo \"error: The sandbox is not in sync with the Podfile.lock. Run 'pod install' or update your CocoaPods installation.\" >&2\n    exit 1\nfi\n# This output is used by Xcode 'outputs' to avoid re-running this script phase.\necho \"SUCCESS\" > \"${SCRIPT_OUTPUT_FILE_0}\"\n";
			showEnvVarsInLog = 0;
		};
		F7AA3399A9C05C18CEF68FAC /* [CP] Copy Pods Resources */ = {
			isa = PBXShellScriptBuildPhase;
			buildActionMask = 2147483647;
			files = (
			);
			inputFileListPaths = (
				"${PODS_ROOT}/Target Support Files/Pods-TechCart UAT/Pods-TechCart UAT-resources-${CONFIGURATION}-input-files.xcfilelist",
			);
			inputPaths = (
			);
			name = "[CP] Copy Pods Resources";
			outputFileListPaths = (
				"${PODS_ROOT}/Target Support Files/Pods-TechCart UAT/Pods-TechCart UAT-resources-${CONFIGURATION}-output-files.xcfilelist",
			);
			outputPaths = (
			);
			runOnlyForDeploymentPostprocessing = 0;
			shellPath = /bin/sh;
			shellScript = "\"${PODS_ROOT}/Target Support Files/Pods-TechCart UAT/Pods-TechCart UAT-resources.sh\"\n";
			showEnvVarsInLog = 0;
		};
/* End PBXShellScriptBuildPhase section */

/* Begin PBXSourcesBuildPhase section */
		13B07F871A680F5B00A75B9A /* Sources */ = {
			isa = PBXSourcesBuildPhase;
			buildActionMask = 2147483647;
			files = (
				761780ED2CA45674006654EE /* AppDelegate.swift in Sources */,
			);
			runOnlyForDeploymentPostprocessing = 0;
		};
		AD0821FB2EBB6C280035BC69 /* Sources */ = {
			isa = PBXSourcesBuildPhase;
			buildActionMask = 2147483647;
			files = (
				AD0821FC2EBB6C280035BC69 /* AppDelegate.swift in Sources */,
			);
			runOnlyForDeploymentPostprocessing = 0;
		};
		AD08220C2EBB6C330035BC69 /* Sources */ = {
			isa = PBXSourcesBuildPhase;
			buildActionMask = 2147483647;
			files = (
				AD08220D2EBB6C330035BC69 /* AppDelegate.swift in Sources */,
			);
			runOnlyForDeploymentPostprocessing = 0;
		};
		AD08221D2EBB6C3C0035BC69 /* Sources */ = {
			isa = PBXSourcesBuildPhase;
			buildActionMask = 2147483647;
			files = (
				AD08221E2EBB6C3C0035BC69 /* AppDelegate.swift in Sources */,
			);
			runOnlyForDeploymentPostprocessing = 0;
		};
/* End PBXSourcesBuildPhase section */

/* Begin XCBuildConfiguration section */
		060CB1CE216A6EF54602D0A2 /* Release-Prod */ = {
			isa = XCBuildConfiguration;
			buildSettings = {
				ALWAYS_SEARCH_USER_PATHS = NO;
				CLANG_ANALYZER_NONNULL = YES;
				CLANG_ANALYZER_NUMBER_OBJECT_CONVERSION = YES_AGGRESSIVE;
				CLANG_CXX_LANGUAGE_STANDARD = "c++20";
				CLANG_CXX_LIBRARY = "libc++";
				CLANG_ENABLE_MODULES = YES;
				CLANG_ENABLE_OBJC_ARC = YES;
				CLANG_ENABLE_OBJC_WEAK = YES;
				CLANG_WARN_BLOCK_CAPTURE_AUTORELEASING = YES;
				CLANG_WARN_BOOL_CONVERSION = YES;
				CLANG_WARN_COMMA = YES;
				CLANG_WARN_CONSTANT_CONVERSION = YES;
				CLANG_WARN_DEPRECATED_OBJC_IMPLEMENTATIONS = YES;
				CLANG_WARN_DIRECT_OBJC_ISA_USAGE = YES_ERROR;
				CLANG_WARN_DOCUMENTATION_COMMENTS = YES;
				CLANG_WARN_EMPTY_BODY = YES;
				CLANG_WARN_ENUM_CONVERSION = YES;
				CLANG_WARN_INFINITE_RECURSION = YES;
				CLANG_WARN_INT_CONVERSION = YES;
				CLANG_WARN_NON_LITERAL_NULL_CONVERSION = YES;
				CLANG_WARN_OBJC_IMPLICIT_RETAIN_SELF = YES;
				CLANG_WARN_OBJC_LITERAL_CONVERSION = YES;
				CLANG_WARN_OBJC_ROOT_CLASS = YES_ERROR;
				CLANG_WARN_QUOTED_INCLUDE_IN_FRAMEWORK_HEADER = YES;
				CLANG_WARN_RANGE_LOOP_ANALYSIS = YES;
				CLANG_WARN_STRICT_PROTOTYPES = YES;
				CLANG_WARN_SUSPICIOUS_MOVE = YES;
				CLANG_WARN_UNGUARDED_AVAILABILITY = YES_AGGRESSIVE;
				CLANG_WARN_UNREACHABLE_CODE = YES;
				CLANG_WARN__DUPLICATE_METHOD_MATCH = YES;
				COPY_PHASE_STRIP = NO;
				DEBUG_INFORMATION_FORMAT = "dwarf-with-dsym";
				ENABLE_NS_ASSERTIONS = NO;
				ENABLE_STRICT_OBJC_MSGSEND = YES;
				GCC_C_LANGUAGE_STANDARD = gnu11;
				GCC_NO_COMMON_BLOCKS = YES;
				GCC_WARN_64_TO_32_BIT_CONVERSION = YES;
				GCC_WARN_ABOUT_RETURN_TYPE = YES_ERROR;
				GCC_WARN_UNDECLARED_SELECTOR = YES;
				GCC_WARN_UNINITIALIZED_AUTOS = YES_AGGRESSIVE;
				GCC_WARN_UNUSED_FUNCTION = YES;
				GCC_WARN_UNUSED_VARIABLE = YES;
				MTL_ENABLE_DEBUG_INFO = NO;
				MTL_FAST_MATH = YES;
				OTHER_LDFLAGS = "$(inherited)  ";
				PRODUCT_NAME = "$(TARGET_NAME)";
				REACT_NATIVE_PATH = "${PODS_ROOT}/../../node_modules/react-native";
				SWIFT_COMPILATION_MODE = wholemodule;
				SWIFT_OPTIMIZATION_LEVEL = "-O";
				SWIFT_VERSION = 5.0;
				USE_HERMES = true;
			};
			name = "Release-Prod";
			baseConfigurationReference = 02871F99193243B08945B986 /* Config.xcconfig */;
		};
		13B07F941A680F5B00A75B9A /* Debug */ = {
			isa = XCBuildConfiguration;
			baseConfigurationReference = 05E4CFCE91A3967C63A5DBA8 /* Pods-TechCart.debug.xcconfig */;
			buildSettings = {
				ASSETCATALOG_COMPILER_APPICON_NAME = AppIcon;
				CLANG_ENABLE_MODULES = YES;
				CURRENT_PROJECT_VERSION = 1;
				ENABLE_BITCODE = NO;
				INFOPLIST_FILE = TechCart/Info.plist;
				IPHONEOS_DEPLOYMENT_TARGET = 15.1;
				LD_RUNPATH_SEARCH_PATHS = (
					"$(inherited)",
					"@executable_path/Frameworks",
				);
				MARKETING_VERSION = 1.0;
				OTHER_LDFLAGS = (
					"$(inherited)",
					"-ObjC",
					"-lc++",
				);
				PRODUCT_BUNDLE_IDENTIFIER = "org.reactjs.native.example.$(PRODUCT_NAME:rfc1034identifier)";
				PRODUCT_NAME = TechCart;
				SWIFT_OPTIMIZATION_LEVEL = "-Onone";
				SWIFT_VERSION = 5.0;
				VERSIONING_SYSTEM = "apple-generic";
			};
			name = Debug;
		};
		13B07F951A680F5B00A75B9A /* Release */ = {
			isa = XCBuildConfiguration;
			baseConfigurationReference = AAB13CB7950821B9206FE784 /* Pods-TechCart.release.xcconfig */;
			buildSettings = {
				ASSETCATALOG_COMPILER_APPICON_NAME = AppIcon;
				CLANG_ENABLE_MODULES = YES;
				CURRENT_PROJECT_VERSION = 1;
				INFOPLIST_FILE = TechCart/Info.plist;
				IPHONEOS_DEPLOYMENT_TARGET = 15.1;
				LD_RUNPATH_SEARCH_PATHS = (
					"$(inherited)",
					"@executable_path/Frameworks",
				);
				MARKETING_VERSION = 1.0;
				OTHER_LDFLAGS = (
					"$(inherited)",
					"-ObjC",
					"-lc++",
				);
				PRODUCT_BUNDLE_IDENTIFIER = "org.reactjs.native.example.$(PRODUCT_NAME:rfc1034identifier)";
				PRODUCT_NAME = TechCart;
				SWIFT_VERSION = 5.0;
				VERSIONING_SYSTEM = "apple-generic";
			};
			name = Release;
		};
		5052A7A5208810E3F551190C /* Debug-UAT */ = {
			isa = XCBuildConfiguration;
			buildSettings = {
				ALWAYS_SEARCH_USER_PATHS = NO;
				CLANG_ANALYZER_NONNULL = YES;
				CLANG_ANALYZER_NUMBER_OBJECT_CONVERSION = YES_AGGRESSIVE;
				CLANG_CXX_LANGUAGE_STANDARD = "c++20";
				CLANG_CXX_LIBRARY = "libc++";
				CLANG_ENABLE_MODULES = YES;
				CLANG_ENABLE_OBJC_ARC = YES;
				CLANG_ENABLE_OBJC_WEAK = YES;
				CLANG_WARN_BLOCK_CAPTURE_AUTORELEASING = YES;
				CLANG_WARN_BOOL_CONVERSION = YES;
				CLANG_WARN_COMMA = YES;
				CLANG_WARN_CONSTANT_CONVERSION = YES;
				CLANG_WARN_DEPRECATED_OBJC_IMPLEMENTATIONS = YES;
				CLANG_WARN_DIRECT_OBJC_ISA_USAGE = YES_ERROR;
				CLANG_WARN_DOCUMENTATION_COMMENTS = YES;
				CLANG_WARN_EMPTY_BODY = YES;
				CLANG_WARN_ENUM_CONVERSION = YES;
				CLANG_WARN_INFINITE_RECURSION = YES;
				CLANG_WARN_INT_CONVERSION = YES;
				CLANG_WARN_NON_LITERAL_NULL_CONVERSION = YES;
				CLANG_WARN_OBJC_IMPLICIT_RETAIN_SELF = YES;
				CLANG_WARN_OBJC_LITERAL_CONVERSION = YES;
				CLANG_WARN_OBJC_ROOT_CLASS = YES_ERROR;
				CLANG_WARN_QUOTED_INCLUDE_IN_FRAMEWORK_HEADER = YES;
				CLANG_WARN_RANGE_LOOP_ANALYSIS = YES;
				CLANG_WARN_STRICT_PROTOTYPES = YES;
				CLANG_WARN_SUSPICIOUS_MOVE = YES;
				CLANG_WARN_UNGUARDED_AVAILABILITY = YES_AGGRESSIVE;
				CLANG_WARN_UNREACHABLE_CODE = YES;
				CLANG_WARN__DUPLICATE_METHOD_MATCH = YES;
				COPY_PHASE_STRIP = NO;
				DEBUG_INFORMATION_FORMAT = dwarf;
				ENABLE_STRICT_OBJC_MSGSEND = YES;
				ENABLE_TESTABILITY = YES;
				GCC_C_LANGUAGE_STANDARD = gnu11;
				GCC_DYNAMIC_NO_PIC = NO;
				GCC_NO_COMMON_BLOCKS = YES;
				GCC_OPTIMIZATION_LEVEL = 0;
				GCC_PREPROCESSOR_DEFINITIONS = (
					"DEBUG=1",
					"$(inherited)",
				);
				GCC_WARN_64_TO_32_BIT_CONVERSION = YES;
				GCC_WARN_ABOUT_RETURN_TYPE = YES_ERROR;
				GCC_WARN_UNDECLARED_SELECTOR = YES;
				GCC_WARN_UNINITIALIZED_AUTOS = YES_AGGRESSIVE;
				GCC_WARN_UNUSED_FUNCTION = YES;
				GCC_WARN_UNUSED_VARIABLE = YES;
				MTL_ENABLE_DEBUG_INFO = INCLUDE_SOURCE;
				MTL_FAST_MATH = YES;
				ONLY_ACTIVE_ARCH = YES;
				OTHER_LDFLAGS = "$(inherited)  ";
				PRODUCT_NAME = "$(TARGET_NAME)";
				REACT_NATIVE_PATH = "${PODS_ROOT}/../../node_modules/react-native";
				SWIFT_ACTIVE_COMPILATION_CONDITIONS = DEBUG;
				SWIFT_OPTIMIZATION_LEVEL = "-Onone";
				SWIFT_VERSION = 5.0;
				USE_HERMES = true;
			};
			name = "Debug-UAT";
			baseConfigurationReference = 02871F99193243B08945B986 /* Config.xcconfig */;
		};
		83CBBA201A601CBA00E9B192 /* Debug */ = {
			isa = XCBuildConfiguration;
			buildSettings = {
				ALWAYS_SEARCH_USER_PATHS = NO;
				CLANG_ANALYZER_LOCALIZABILITY_NONLOCALIZED = YES;
				CLANG_CXX_LANGUAGE_STANDARD = "c++20";
				CLANG_CXX_LIBRARY = "libc++";
				CLANG_ENABLE_MODULES = YES;
				CLANG_ENABLE_OBJC_ARC = YES;
				CLANG_WARN_BLOCK_CAPTURE_AUTORELEASING = YES;
				CLANG_WARN_BOOL_CONVERSION = YES;
				CLANG_WARN_COMMA = YES;
				CLANG_WARN_CONSTANT_CONVERSION = YES;
				CLANG_WARN_DEPRECATED_OBJC_IMPLEMENTATIONS = YES;
				CLANG_WARN_DIRECT_OBJC_ISA_USAGE = YES_ERROR;
				CLANG_WARN_EMPTY_BODY = YES;
				CLANG_WARN_ENUM_CONVERSION = YES;
				CLANG_WARN_INFINITE_RECURSION = YES;
				CLANG_WARN_INT_CONVERSION = YES;
				CLANG_WARN_NON_LITERAL_NULL_CONVERSION = YES;
				CLANG_WARN_OBJC_IMPLICIT_RETAIN_SELF = YES;
				CLANG_WARN_OBJC_LITERAL_CONVERSION = YES;
				CLANG_WARN_OBJC_ROOT_CLASS = YES_ERROR;
				CLANG_WARN_QUOTED_INCLUDE_IN_FRAMEWORK_HEADER = YES;
				CLANG_WARN_RANGE_LOOP_ANALYSIS = YES;
				CLANG_WARN_STRICT_PROTOTYPES = YES;
				CLANG_WARN_SUSPICIOUS_MOVE = YES;
				CLANG_WARN_UNREACHABLE_CODE = YES;
				CLANG_WARN__DUPLICATE_METHOD_MATCH = YES;
				"CODE_SIGN_IDENTITY[sdk=iphoneos*]" = "iPhone Developer";
				COPY_PHASE_STRIP = NO;
				ENABLE_STRICT_OBJC_MSGSEND = YES;
				ENABLE_TESTABILITY = YES;
				"EXCLUDED_ARCHS[sdk=iphonesimulator*]" = "";
				GCC_C_LANGUAGE_STANDARD = gnu99;
				GCC_DYNAMIC_NO_PIC = NO;
				GCC_NO_COMMON_BLOCKS = YES;
				GCC_OPTIMIZATION_LEVEL = 0;
				GCC_PREPROCESSOR_DEFINITIONS = (
					"DEBUG=1",
					"$(inherited)",
				);
				GCC_SYMBOLS_PRIVATE_EXTERN = NO;
				GCC_WARN_64_TO_32_BIT_CONVERSION = YES;
				GCC_WARN_ABOUT_RETURN_TYPE = YES_ERROR;
				GCC_WARN_UNDECLARED_SELECTOR = YES;
				GCC_WARN_UNINITIALIZED_AUTOS = YES_AGGRESSIVE;
				GCC_WARN_UNUSED_FUNCTION = YES;
				GCC_WARN_UNUSED_VARIABLE = YES;
				IPHONEOS_DEPLOYMENT_TARGET = 15.1;
				LD_RUNPATH_SEARCH_PATHS = (
					/usr/lib/swift,
					"$(inherited)",
				);
				LIBRARY_SEARCH_PATHS = (
					"\"$(SDKROOT)/usr/lib/swift\"",
					"\"$(TOOLCHAIN_DIR)/usr/lib/swift/$(PLATFORM_NAME)\"",
					"\"$(inherited)\"",
				);
				MTL_ENABLE_DEBUG_INFO = YES;
				ONLY_ACTIVE_ARCH = YES;
				OTHER_CPLUSPLUSFLAGS = (
					"$(OTHER_CFLAGS)",
					"-DFOLLY_NO_CONFIG",
					"-DFOLLY_MOBILE=1",
					"-DFOLLY_USE_LIBCPP=1",
					"-DFOLLY_CFG_NO_COROUTINES=1",
					"-DFOLLY_HAVE_CLOCK_GETTIME=1",
				);
				OTHER_LDFLAGS = "$(inherited)  ";
				REACT_NATIVE_PATH = "${PODS_ROOT}/../../node_modules/react-native";
				SDKROOT = iphoneos;
				SWIFT_ACTIVE_COMPILATION_CONDITIONS = "$(inherited) DEBUG";
				USE_HERMES = true;
			};
			name = Debug;
			baseConfigurationReference = 02871F99193243B08945B986 /* Config.xcconfig */;
		};
		83CBBA211A601CBA00E9B192 /* Release */ = {
			isa = XCBuildConfiguration;
			buildSettings = {
				ALWAYS_SEARCH_USER_PATHS = NO;
				CLANG_ANALYZER_LOCALIZABILITY_NONLOCALIZED = YES;
				CLANG_CXX_LANGUAGE_STANDARD = "c++20";
				CLANG_CXX_LIBRARY = "libc++";
				CLANG_ENABLE_MODULES = YES;
				CLANG_ENABLE_OBJC_ARC = YES;
				CLANG_WARN_BLOCK_CAPTURE_AUTORELEASING = YES;
				CLANG_WARN_BOOL_CONVERSION = YES;
				CLANG_WARN_COMMA = YES;
				CLANG_WARN_CONSTANT_CONVERSION = YES;
				CLANG_WARN_DEPRECATED_OBJC_IMPLEMENTATIONS = YES;
				CLANG_WARN_DIRECT_OBJC_ISA_USAGE = YES_ERROR;
				CLANG_WARN_EMPTY_BODY = YES;
				CLANG_WARN_ENUM_CONVERSION = YES;
				CLANG_WARN_INFINITE_RECURSION = YES;
				CLANG_WARN_INT_CONVERSION = YES;
				CLANG_WARN_NON_LITERAL_NULL_CONVERSION = YES;
				CLANG_WARN_OBJC_IMPLICIT_RETAIN_SELF = YES;
				CLANG_WARN_OBJC_LITERAL_CONVERSION = YES;
				CLANG_WARN_OBJC_ROOT_CLASS = YES_ERROR;
				CLANG_WARN_QUOTED_INCLUDE_IN_FRAMEWORK_HEADER = YES;
				CLANG_WARN_RANGE_LOOP_ANALYSIS = YES;
				CLANG_WARN_STRICT_PROTOTYPES = YES;
				CLANG_WARN_SUSPICIOUS_MOVE = YES;
				CLANG_WARN_UNREACHABLE_CODE = YES;
				CLANG_WARN__DUPLICATE_METHOD_MATCH = YES;
				"CODE_SIGN_IDENTITY[sdk=iphoneos*]" = "iPhone Developer";
				COPY_PHASE_STRIP = YES;
				ENABLE_NS_ASSERTIONS = NO;
				ENABLE_STRICT_OBJC_MSGSEND = YES;
				"EXCLUDED_ARCHS[sdk=iphonesimulator*]" = "";
				GCC_C_LANGUAGE_STANDARD = gnu99;
				GCC_NO_COMMON_BLOCKS = YES;
				GCC_WARN_64_TO_32_BIT_CONVERSION = YES;
				GCC_WARN_ABOUT_RETURN_TYPE = YES_ERROR;
				GCC_WARN_UNDECLARED_SELECTOR = YES;
				GCC_WARN_UNINITIALIZED_AUTOS = YES_AGGRESSIVE;
				GCC_WARN_UNUSED_FUNCTION = YES;
				GCC_WARN_UNUSED_VARIABLE = YES;
				IPHONEOS_DEPLOYMENT_TARGET = 15.1;
				LD_RUNPATH_SEARCH_PATHS = (
					/usr/lib/swift,
					"$(inherited)",
				);
				LIBRARY_SEARCH_PATHS = (
					"\"$(SDKROOT)/usr/lib/swift\"",
					"\"$(TOOLCHAIN_DIR)/usr/lib/swift/$(PLATFORM_NAME)\"",
					"\"$(inherited)\"",
				);
				MTL_ENABLE_DEBUG_INFO = NO;
				OTHER_CPLUSPLUSFLAGS = (
					"$(OTHER_CFLAGS)",
					"-DFOLLY_NO_CONFIG",
					"-DFOLLY_MOBILE=1",
					"-DFOLLY_USE_LIBCPP=1",
					"-DFOLLY_CFG_NO_COROUTINES=1",
					"-DFOLLY_HAVE_CLOCK_GETTIME=1",
				);
				OTHER_LDFLAGS = "$(inherited)  ";
				REACT_NATIVE_PATH = "${PODS_ROOT}/../../node_modules/react-native";
				SDKROOT = iphoneos;
				USE_HERMES = true;
				VALIDATE_PRODUCT = YES;
			};
			name = Release;
			baseConfigurationReference = 02871F99193243B08945B986 /* Config.xcconfig */;
		};
		AD0822072EBB6C280035BC69 /* Debug */ = {
			isa = XCBuildConfiguration;
			baseConfigurationReference = B55BAF35A3FC4A050AB1D51D /* Pods-TechCart Dev.debug.xcconfig */;
			buildSettings = {
				ASSETCATALOG_COMPILER_APPICON_NAME = AppIcon;
				CLANG_ENABLE_MODULES = YES;
				CURRENT_PROJECT_VERSION = 1;
				ENABLE_BITCODE = NO;
				INFOPLIST_FILE = "TechCart/Info-Dev.plist";
				IPHONEOS_DEPLOYMENT_TARGET = 15.1;
				LD_RUNPATH_SEARCH_PATHS = (
					"$(inherited)",
					"@executable_path/Frameworks",
				);
				MARKETING_VERSION = 1.0;
				OTHER_LDFLAGS = (
					"$(inherited)",
					"-ObjC",
					"-lc++",
				);
				PRODUCT_BUNDLE_IDENTIFIER = "org.reactjs.native.example.$(PRODUCT_NAME:rfc1034identifier)";
				PRODUCT_NAME = "$(TARGET_NAME)";
				SWIFT_OPTIMIZATION_LEVEL = "-Onone";
				SWIFT_VERSION = 5.0;
				VERSIONING_SYSTEM = "apple-generic";
			};
			name = Debug;
		};
		AD0822082EBB6C280035BC69 /* Release */ = {
			isa = XCBuildConfiguration;
			baseConfigurationReference = 359720D88AD42213CC8D552E /* Pods-TechCart Dev.release.xcconfig */;
			buildSettings = {
				ASSETCATALOG_COMPILER_APPICON_NAME = AppIcon;
				CLANG_ENABLE_MODULES = YES;
				CURRENT_PROJECT_VERSION = 1;
				INFOPLIST_FILE = "TechCart/Info-Dev.plist";
				IPHONEOS_DEPLOYMENT_TARGET = 15.1;
				LD_RUNPATH_SEARCH_PATHS = (
					"$(inherited)",
					"@executable_path/Frameworks",
				);
				MARKETING_VERSION = 1.0;
				OTHER_LDFLAGS = (
					"$(inherited)",
					"-ObjC",
					"-lc++",
				);
				PRODUCT_BUNDLE_IDENTIFIER = "org.reactjs.native.example.$(PRODUCT_NAME:rfc1034identifier)";
				PRODUCT_NAME = "$(TARGET_NAME)";
				SWIFT_VERSION = 5.0;
				VERSIONING_SYSTEM = "apple-generic";
			};
			name = Release;
		};
		AD0822182EBB6C330035BC69 /* Debug */ = {
			isa = XCBuildConfiguration;
			baseConfigurationReference = 4CDF80813F5DEB64023049CB /* Pods-TechCart QA.debug.xcconfig */;
			buildSettings = {
				ASSETCATALOG_COMPILER_APPICON_NAME = AppIcon;
				CLANG_ENABLE_MODULES = YES;
				CURRENT_PROJECT_VERSION = 1;
				ENABLE_BITCODE = NO;
				INFOPLIST_FILE = "TechCart/Info-QA.plist";
				IPHONEOS_DEPLOYMENT_TARGET = 15.1;
				LD_RUNPATH_SEARCH_PATHS = (
					"$(inherited)",
					"@executable_path/Frameworks",
				);
				MARKETING_VERSION = 1.0;
				OTHER_LDFLAGS = (
					"$(inherited)",
					"-ObjC",
					"-lc++",
				);
				PRODUCT_BUNDLE_IDENTIFIER = "org.reactjs.native.example.$(PRODUCT_NAME:rfc1034identifier)";
				PRODUCT_NAME = "$(TARGET_NAME)";
				SWIFT_OPTIMIZATION_LEVEL = "-Onone";
				SWIFT_VERSION = 5.0;
				VERSIONING_SYSTEM = "apple-generic";
			};
			name = Debug;
		};
		AD0822192EBB6C330035BC69 /* Release */ = {
			isa = XCBuildConfiguration;
			baseConfigurationReference = D91E72D77BB3EF73D983BF2E /* Pods-TechCart QA.release.xcconfig */;
			buildSettings = {
				ASSETCATALOG_COMPILER_APPICON_NAME = AppIcon;
				CLANG_ENABLE_MODULES = YES;
				CURRENT_PROJECT_VERSION = 1;
				INFOPLIST_FILE = "TechCart/Info-QA.plist";
				IPHONEOS_DEPLOYMENT_TARGET = 15.1;
				LD_RUNPATH_SEARCH_PATHS = (
					"$(inherited)",
					"@executable_path/Frameworks",
				);
				MARKETING_VERSION = 1.0;
				OTHER_LDFLAGS = (
					"$(inherited)",
					"-ObjC",
					"-lc++",
				);
				PRODUCT_BUNDLE_IDENTIFIER = "org.reactjs.native.example.$(PRODUCT_NAME:rfc1034identifier)";
				PRODUCT_NAME = "$(TARGET_NAME)";
				SWIFT_VERSION = 5.0;
				VERSIONING_SYSTEM = "apple-generic";
			};
			name = Release;
		};
		AD0822292EBB6C3C0035BC69 /* Debug */ = {
			isa = XCBuildConfiguration;
			baseConfigurationReference = D6AE8522B60713447C1385EF /* Pods-TechCart UAT.debug.xcconfig */;
			buildSettings = {
				ASSETCATALOG_COMPILER_APPICON_NAME = AppIcon;
				CLANG_ENABLE_MODULES = YES;
				CURRENT_PROJECT_VERSION = 1;
				ENABLE_BITCODE = NO;
				INFOPLIST_FILE = "TechCart/Info-UAT.plist";
				IPHONEOS_DEPLOYMENT_TARGET = 15.1;
				LD_RUNPATH_SEARCH_PATHS = (
					"$(inherited)",
					"@executable_path/Frameworks",
				);
				MARKETING_VERSION = 1.0;
				OTHER_LDFLAGS = (
					"$(inherited)",
					"-ObjC",
					"-lc++",
				);
				PRODUCT_BUNDLE_IDENTIFIER = "org.reactjs.native.example.$(PRODUCT_NAME:rfc1034identifier)";
				PRODUCT_NAME = "$(TARGET_NAME)";
				SWIFT_OPTIMIZATION_LEVEL = "-Onone";
				SWIFT_VERSION = 5.0;
				VERSIONING_SYSTEM = "apple-generic";
			};
			name = Debug;
		};
		AD08222A2EBB6C3C0035BC69 /* Release */ = {
			isa = XCBuildConfiguration;
			baseConfigurationReference = 7DB80970049B805F4283F596 /* Pods-TechCart UAT.release.xcconfig */;
			buildSettings = {
				ASSETCATALOG_COMPILER_APPICON_NAME = AppIcon;
				CLANG_ENABLE_MODULES = YES;
				CURRENT_PROJECT_VERSION = 1;
				INFOPLIST_FILE = "TechCart/Info-UAT.plist";
				IPHONEOS_DEPLOYMENT_TARGET = 15.1;
				LD_RUNPATH_SEARCH_PATHS = (
					"$(inherited)",
					"@executable_path/Frameworks",
				);
				MARKETING_VERSION = 1.0;
				OTHER_LDFLAGS = (
					"$(inherited)",
					"-ObjC",
					"-lc++",
				);
				PRODUCT_BUNDLE_IDENTIFIER = "org.reactjs.native.example.$(PRODUCT_NAME:rfc1034identifier)";
				PRODUCT_NAME = "$(TARGET_NAME)";
				SWIFT_VERSION = 5.0;
				VERSIONING_SYSTEM = "apple-generic";
			};
			name = Release;
		};
		AD08223D2EBB71460035BC69 /* Debug-Dev */ = {
			isa = XCBuildConfiguration;
			baseConfigurationReference = 921F437C12DAE25861BE9F8D /* Pods-TechCart.debug-dev.xcconfig */;
			buildSettings = {
				PRODUCT_NAME = TechCart;
			};
			name = "Debug-Dev";
		};
		AD08223E2EBB71460035BC69 /* Debug-QA */ = {
			isa = XCBuildConfiguration;
			baseConfigurationReference = 5A3E1901AFBFC8E5625BC451 /* Pods-TechCart.debug-qa.xcconfig */;
			buildSettings = {
				PRODUCT_NAME = TechCart;
			};
			name = "Debug-QA";
		};
		AD08223F2EBB71460035BC69 /* Debug-UAT */ = {
			isa = XCBuildConfiguration;
			baseConfigurationReference = 164F7272A39367E53B9D699A /* Pods-TechCart.debug-uat.xcconfig */;
			buildSettings = {
				PRODUCT_NAME = TechCart;
			};
			name = "Debug-UAT";
		};
		AD0822402EBB71460035BC69 /* Release-Prod */ = {
			isa = XCBuildConfiguration;
			baseConfigurationReference = C656E6A4A347EB3C1EDD096D /* Pods-TechCart.release-prod.xcconfig */;
			buildSettings = {
				PRODUCT_NAME = TechCart;
			};
			name = "Release-Prod";
		};
		AD0822412EBB71460035BC69 /* Debug-Dev */ = {
			isa = XCBuildConfiguration;
			baseConfigurationReference = 2345B0627F4A3E0B0F64F467 /* Pods-TechCart Dev.debug-dev.xcconfig */;
			buildSettings = {
				CODE_SIGN_IDENTITY = "Apple Development";
				"CODE_SIGN_IDENTITY[sdk=macosx*]" = "Apple Development";
				CODE_SIGN_STYLE = Automatic;
				DEVELOPMENT_TEAM = "";
				PRODUCT_NAME = TechCart;
				PROVISIONING_PROFILE_SPECIFIER = "";
			};
			name = "Debug-Dev";
		};
		AD0822422EBB71460035BC69 /* Debug-QA */ = {
			isa = XCBuildConfiguration;
			baseConfigurationReference = ED475B99C63BFFDF91243DAA /* Pods-TechCart Dev.debug-qa.xcconfig */;
			buildSettings = {
				CODE_SIGN_IDENTITY = "Apple Development";
				"CODE_SIGN_IDENTITY[sdk=macosx*]" = "Apple Development";
				CODE_SIGN_STYLE = Automatic;
				DEVELOPMENT_TEAM = "";
				PRODUCT_NAME = TechCart;
				PROVISIONING_PROFILE_SPECIFIER = "";
			};
			name = "Debug-QA";
		};
		AD0822432EBB71460035BC69 /* Debug-UAT */ = {
			isa = XCBuildConfiguration;
			baseConfigurationReference = CC9BCD36242BFA9A4B760089 /* Pods-TechCart Dev.debug-uat.xcconfig */;
			buildSettings = {
				CODE_SIGN_IDENTITY = "Apple Development";
				"CODE_SIGN_IDENTITY[sdk=macosx*]" = "Apple Development";
				CODE_SIGN_STYLE = Automatic;
				DEVELOPMENT_TEAM = "";
				PRODUCT_NAME = TechCart;
				PROVISIONING_PROFILE_SPECIFIER = "";
			};
			name = "Debug-UAT";
		};
		AD0822442EBB71460035BC69 /* Release-Prod */ = {
			isa = XCBuildConfiguration;
			baseConfigurationReference = B26F23050327952351835504 /* Pods-TechCart Dev.release-prod.xcconfig */;
			buildSettings = {
				CODE_SIGN_IDENTITY = "Apple Development";
				"CODE_SIGN_IDENTITY[sdk=macosx*]" = "Apple Development";
				CODE_SIGN_STYLE = Automatic;
				DEVELOPMENT_TEAM = "";
				PRODUCT_NAME = TechCart;
				PROVISIONING_PROFILE_SPECIFIER = "";
			};
			name = "Release-Prod";
		};
		AD0822452EBB71460035BC69 /* Debug-Dev */ = {
			isa = XCBuildConfiguration;
			baseConfigurationReference = 124994BCD085B8E027890339 /* Pods-TechCart QA.debug-dev.xcconfig */;
			buildSettings = {
				PRODUCT_NAME = TechCart;
			};
			name = "Debug-Dev";
		};
		AD0822462EBB71460035BC69 /* Debug-QA */ = {
			isa = XCBuildConfiguration;
			baseConfigurationReference = 8683E5F7C48D98D6AFDBA400 /* Pods-TechCart QA.debug-qa.xcconfig */;
			buildSettings = {
				PRODUCT_NAME = TechCart;
			};
			name = "Debug-QA";
		};
		AD0822472EBB71460035BC69 /* Debug-UAT */ = {
			isa = XCBuildConfiguration;
			baseConfigurationReference = 6D5F5223AD785CCCDFCAA9E9 /* Pods-TechCart QA.debug-uat.xcconfig */;
			buildSettings = {
				PRODUCT_NAME = TechCart;
			};
			name = "Debug-UAT";
		};
		AD0822482EBB71460035BC69 /* Release-Prod */ = {
			isa = XCBuildConfiguration;
			baseConfigurationReference = C8C3BA8640B801AF32B9F170 /* Pods-TechCart QA.release-prod.xcconfig */;
			buildSettings = {
				PRODUCT_NAME = TechCart;
			};
			name = "Release-Prod";
		};
		AD0822492EBB71460035BC69 /* Debug-Dev */ = {
			isa = XCBuildConfiguration;
			baseConfigurationReference = A240C9DF735353726F896320 /* Pods-TechCart UAT.debug-dev.xcconfig */;
			buildSettings = {
				PRODUCT_NAME = TechCart;
			};
			name = "Debug-Dev";
		};
		AD08224A2EBB71460035BC69 /* Debug-QA */ = {
			isa = XCBuildConfiguration;
			baseConfigurationReference = 63BF887C573CAD87A5E725E8 /* Pods-TechCart UAT.debug-qa.xcconfig */;
			buildSettings = {
				PRODUCT_NAME = TechCart;
			};
			name = "Debug-QA";
		};
		AD08224B2EBB71460035BC69 /* Debug-UAT */ = {
			isa = XCBuildConfiguration;
			baseConfigurationReference = 4329A101AA8B6675B6EEDD63 /* Pods-TechCart UAT.debug-uat.xcconfig */;
			buildSettings = {
				PRODUCT_NAME = TechCart;
			};
			name = "Debug-UAT";
		};
		AD08224C2EBB71460035BC69 /* Release-Prod */ = {
			isa = XCBuildConfiguration;
			baseConfigurationReference = FCFDB94BCCED70F2AB07640E /* Pods-TechCart UAT.release-prod.xcconfig */;
			buildSettings = {
				PRODUCT_NAME = TechCart;
			};
			name = "Release-Prod";
		};
		D0C503982CA192C9A13AD835 /* Debug-Dev */ = {
			isa = XCBuildConfiguration;
			buildSettings = {
				ALWAYS_SEARCH_USER_PATHS = NO;
				CLANG_ANALYZER_NONNULL = YES;
				CLANG_ANALYZER_NUMBER_OBJECT_CONVERSION = YES_AGGRESSIVE;
				CLANG_CXX_LANGUAGE_STANDARD = "c++20";
				CLANG_CXX_LIBRARY = "libc++";
				CLANG_ENABLE_MODULES = YES;
				CLANG_ENABLE_OBJC_ARC = YES;
				CLANG_ENABLE_OBJC_WEAK = YES;
				CLANG_WARN_BLOCK_CAPTURE_AUTORELEASING = YES;
				CLANG_WARN_BOOL_CONVERSION = YES;
				CLANG_WARN_COMMA = YES;
				CLANG_WARN_CONSTANT_CONVERSION = YES;
				CLANG_WARN_DEPRECATED_OBJC_IMPLEMENTATIONS = YES;
				CLANG_WARN_DIRECT_OBJC_ISA_USAGE = YES_ERROR;
				CLANG_WARN_DOCUMENTATION_COMMENTS = YES;
				CLANG_WARN_EMPTY_BODY = YES;
				CLANG_WARN_ENUM_CONVERSION = YES;
				CLANG_WARN_INFINITE_RECURSION = YES;
				CLANG_WARN_INT_CONVERSION = YES;
				CLANG_WARN_NON_LITERAL_NULL_CONVERSION = YES;
				CLANG_WARN_OBJC_IMPLICIT_RETAIN_SELF = YES;
				CLANG_WARN_OBJC_LITERAL_CONVERSION = YES;
				CLANG_WARN_OBJC_ROOT_CLASS = YES_ERROR;
				CLANG_WARN_QUOTED_INCLUDE_IN_FRAMEWORK_HEADER = YES;
				CLANG_WARN_RANGE_LOOP_ANALYSIS = YES;
				CLANG_WARN_STRICT_PROTOTYPES = YES;
				CLANG_WARN_SUSPICIOUS_MOVE = YES;
				CLANG_WARN_UNGUARDED_AVAILABILITY = YES_AGGRESSIVE;
				CLANG_WARN_UNREACHABLE_CODE = YES;
				CLANG_WARN__DUPLICATE_METHOD_MATCH = YES;
				COPY_PHASE_STRIP = NO;
				DEBUG_INFORMATION_FORMAT = dwarf;
				ENABLE_STRICT_OBJC_MSGSEND = YES;
				ENABLE_TESTABILITY = YES;
				GCC_C_LANGUAGE_STANDARD = gnu11;
				GCC_DYNAMIC_NO_PIC = NO;
				GCC_NO_COMMON_BLOCKS = YES;
				GCC_OPTIMIZATION_LEVEL = 0;
				GCC_PREPROCESSOR_DEFINITIONS = (
					"DEBUG=1",
					"$(inherited)",
				);
				GCC_WARN_64_TO_32_BIT_CONVERSION = YES;
				GCC_WARN_ABOUT_RETURN_TYPE = YES_ERROR;
				GCC_WARN_UNDECLARED_SELECTOR = YES;
				GCC_WARN_UNINITIALIZED_AUTOS = YES_AGGRESSIVE;
				GCC_WARN_UNUSED_FUNCTION = YES;
				GCC_WARN_UNUSED_VARIABLE = YES;
				MTL_ENABLE_DEBUG_INFO = INCLUDE_SOURCE;
				MTL_FAST_MATH = YES;
				ONLY_ACTIVE_ARCH = YES;
				OTHER_LDFLAGS = "$(inherited)  ";
				PRODUCT_NAME = "$(TARGET_NAME)";
				REACT_NATIVE_PATH = "${PODS_ROOT}/../../node_modules/react-native";
				SWIFT_ACTIVE_COMPILATION_CONDITIONS = DEBUG;
				SWIFT_OPTIMIZATION_LEVEL = "-Onone";
				SWIFT_VERSION = 5.0;
				USE_HERMES = true;
			};
			name = "Debug-Dev";
			baseConfigurationReference = 02871F99193243B08945B986 /* Config.xcconfig */;
		};
		E28D3ECFCB9FC09B5B3CAF5D /* Debug-QA */ = {
			isa = XCBuildConfiguration;
			buildSettings = {
				ALWAYS_SEARCH_USER_PATHS = NO;
				CLANG_ANALYZER_NONNULL = YES;
				CLANG_ANALYZER_NUMBER_OBJECT_CONVERSION = YES_AGGRESSIVE;
				CLANG_CXX_LANGUAGE_STANDARD = "c++20";
				CLANG_CXX_LIBRARY = "libc++";
				CLANG_ENABLE_MODULES = YES;
				CLANG_ENABLE_OBJC_ARC = YES;
				CLANG_ENABLE_OBJC_WEAK = YES;
				CLANG_WARN_BLOCK_CAPTURE_AUTORELEASING = YES;
				CLANG_WARN_BOOL_CONVERSION = YES;
				CLANG_WARN_COMMA = YES;
				CLANG_WARN_CONSTANT_CONVERSION = YES;
				CLANG_WARN_DEPRECATED_OBJC_IMPLEMENTATIONS = YES;
				CLANG_WARN_DIRECT_OBJC_ISA_USAGE = YES_ERROR;
				CLANG_WARN_DOCUMENTATION_COMMENTS = YES;
				CLANG_WARN_EMPTY_BODY = YES;
				CLANG_WARN_ENUM_CONVERSION = YES;
				CLANG_WARN_INFINITE_RECURSION = YES;
				CLANG_WARN_INT_CONVERSION = YES;
				CLANG_WARN_NON_LITERAL_NULL_CONVERSION = YES;
				CLANG_WARN_OBJC_IMPLICIT_RETAIN_SELF = YES;
				CLANG_WARN_OBJC_LITERAL_CONVERSION = YES;
				CLANG_WARN_OBJC_ROOT_CLASS = YES_ERROR;
				CLANG_WARN_QUOTED_INCLUDE_IN_FRAMEWORK_HEADER = YES;
				CLANG_WARN_RANGE_LOOP_ANALYSIS = YES;
				CLANG_WARN_STRICT_PROTOTYPES = YES;
				CLANG_WARN_SUSPICIOUS_MOVE = YES;
				CLANG_WARN_UNGUARDED_AVAILABILITY = YES_AGGRESSIVE;
				CLANG_WARN_UNREACHABLE_CODE = YES;
				CLANG_WARN__DUPLICATE_METHOD_MATCH = YES;
				COPY_PHASE_STRIP = NO;
				DEBUG_INFORMATION_FORMAT = dwarf;
				ENABLE_STRICT_OBJC_MSGSEND = YES;
				ENABLE_TESTABILITY = YES;
				GCC_C_LANGUAGE_STANDARD = gnu11;
				GCC_DYNAMIC_NO_PIC = NO;
				GCC_NO_COMMON_BLOCKS = YES;
				GCC_OPTIMIZATION_LEVEL = 0;
				GCC_PREPROCESSOR_DEFINITIONS = (
					"DEBUG=1",
					"$(inherited)",
				);
				GCC_WARN_64_TO_32_BIT_CONVERSION = YES;
				GCC_WARN_ABOUT_RETURN_TYPE = YES_ERROR;
				GCC_WARN_UNDECLARED_SELECTOR = YES;
				GCC_WARN_UNINITIALIZED_AUTOS = YES_AGGRESSIVE;
				GCC_WARN_UNUSED_FUNCTION = YES;
				GCC_WARN_UNUSED_VARIABLE = YES;
				MTL_ENABLE_DEBUG_INFO = INCLUDE_SOURCE;
				MTL_FAST_MATH = YES;
				ONLY_ACTIVE_ARCH = YES;
				OTHER_LDFLAGS = "$(inherited)  ";
				PRODUCT_NAME = "$(TARGET_NAME)";
				REACT_NATIVE_PATH = "${PODS_ROOT}/../../node_modules/react-native";
				SWIFT_ACTIVE_COMPILATION_CONDITIONS = DEBUG;
				SWIFT_OPTIMIZATION_LEVEL = "-Onone";
				SWIFT_VERSION = 5.0;
				USE_HERMES = true;
			};
			name = "Debug-QA";
			baseConfigurationReference = 02871F99193243B08945B986 /* Config.xcconfig */;
		};
/* End XCBuildConfiguration section */

/* Begin XCConfigurationList section */
		13B07F931A680F5B00A75B9A /* Build configuration list for PBXNativeTarget "TechCart" */ = {
			isa = XCConfigurationList;
			buildConfigurations = (
				13B07F941A680F5B00A75B9A /* Debug */,
				13B07F951A680F5B00A75B9A /* Release */,
				AD08223D2EBB71460035BC69 /* Debug-Dev */,
				AD08223E2EBB71460035BC69 /* Debug-QA */,
				AD08223F2EBB71460035BC69 /* Debug-UAT */,
				AD0822402EBB71460035BC69 /* Release-Prod */,
			);
			defaultConfigurationIsVisible = 0;
			defaultConfigurationName = Release;
		};
		83CBB9FA1A601CBA00E9B192 /* Build configuration list for PBXProject "TechCart" */ = {
			isa = XCConfigurationList;
			buildConfigurations = (
				83CBBA201A601CBA00E9B192 /* Debug */,
				83CBBA211A601CBA00E9B192 /* Release */,
				D0C503982CA192C9A13AD835 /* Debug-Dev */,
				E28D3ECFCB9FC09B5B3CAF5D /* Debug-QA */,
				5052A7A5208810E3F551190C /* Debug-UAT */,
				060CB1CE216A6EF54602D0A2 /* Release-Prod */,
			);
			defaultConfigurationIsVisible = 0;
			defaultConfigurationName = Release;
		};
		AD0822062EBB6C280035BC69 /* Build configuration list for PBXNativeTarget "TechCart Dev" */ = {
			isa = XCConfigurationList;
			buildConfigurations = (
				AD0822072EBB6C280035BC69 /* Debug */,
				AD0822082EBB6C280035BC69 /* Release */,
				AD0822412EBB71460035BC69 /* Debug-Dev */,
				AD0822422EBB71460035BC69 /* Debug-QA */,
				AD0822432EBB71460035BC69 /* Debug-UAT */,
				AD0822442EBB71460035BC69 /* Release-Prod */,
			);
			defaultConfigurationIsVisible = 0;
			defaultConfigurationName = Release;
		};
		AD0822172EBB6C330035BC69 /* Build configuration list for PBXNativeTarget "TechCart QA" */ = {
			isa = XCConfigurationList;
			buildConfigurations = (
				AD0822182EBB6C330035BC69 /* Debug */,
				AD0822192EBB6C330035BC69 /* Release */,
				AD0822452EBB71460035BC69 /* Debug-Dev */,
				AD0822462EBB71460035BC69 /* Debug-QA */,
				AD0822472EBB71460035BC69 /* Debug-UAT */,
				AD0822482EBB71460035BC69 /* Release-Prod */,
			);
			defaultConfigurationIsVisible = 0;
			defaultConfigurationName = Release;
		};
		AD0822282EBB6C3C0035BC69 /* Build configuration list for PBXNativeTarget "TechCart UAT" */ = {
			isa = XCConfigurationList;
			buildConfigurations = (
				AD0822292EBB6C3C0035BC69 /* Debug */,
				AD08222A2EBB6C3C0035BC69 /* Release */,
				AD0822492EBB71460035BC69 /* Debug-Dev */,
				AD08224A2EBB71460035BC69 /* Debug-QA */,
				AD08224B2EBB71460035BC69 /* Debug-UAT */,
				AD08224C2EBB71460035BC69 /* Release-Prod */,
			);
			defaultConfigurationIsVisible = 0;
			defaultConfigurationName = Release;
		};
/* End XCConfigurationList section */
	};
	rootObject = 83CBB9F71A601CBA00E9B192 /* Project object */;
}
